
Microsoft Visual Studio Solution File, Format Version 12.00
# Visual Studio Version 17
VisualStudioVersion = 17.3.32901.215
MinimumVisualStudioVersion = 10.0.40219.1
Project("{2150E333-8FDC-42A3-9474-1A3956D46DE8}") = "Services", "Services", "{F11A34B5-F6EB-4F29-BE9C-3BC31ED98C85}"
EndProject
Project("{2150E333-8FDC-42A3-9474-1A3956D46DE8}") = "Clients", "Clients", "{344E3674-A5BD-4844-A9A2-21F8DF5F9836}"
EndProject
Project("{2150E333-8FDC-42A3-9474-1A3956D46DE8}") = "ApiGateway", "ApiGateway", "{3CE0DC65-33CC-4841-90BD-90FCDFE1BE27}"
EndProject
Project("{2150E333-8FDC-42A3-9474-1A3956D46DE8}") = "Common", "Common", "{20F1467C-5F85-46EC-AB3C-DCE4EEDCE7DE}"
EndProject
Project("{2150E333-8FDC-42A3-9474-1A3956D46DE8}") = "Inventory", "Inventory", "{9BDAF03F-FF45-4763-B590-08B49D9EF88B}"
EndProject
Project("{2150E333-8FDC-42A3-9474-1A3956D46DE8}") = "Lending", "Lending", "{62FF27DB-46BF-441F-8AB5-07FBF6A1B070}"
EndProject
Project("{2150E333-8FDC-42A3-9474-1A3956D46DE8}") = "Identity", "Identity", "{C605CE08-3994-4396-A60E-07FE0788225A}"
EndProject
Project("{2150E333-8FDC-42A3-9474-1A3956D46DE8}") = "Customer", "Customer", "{BECE1632-2D89-4CCE-ABFC-025465570FF8}"
EndProject
Project("{FAE04EC0-301F-11D3-BF4B-00C04F79EFBC}") = "Lending.API", "Lending.API\Lending.API.csproj", "{146B6245-3749-40D7-8FCA-E21F6FB3EAF3}"
EndProject
Project("{FAE04EC0-301F-11D3-BF4B-00C04F79EFBC}") = "Lending.Infra", "Lending.Infra\Lending.Infra.csproj", "{CC71182D-F8E9-4AE8-B9B1-0F55277457D8}"
EndProject
Project("{FAE04EC0-301F-11D3-BF4B-00C04F79EFBC}") = "Inventory.API", "Inventory.API\Inventory.API.csproj", "{BF0BE2B1-9B5D-47A3-8E99-8E51CD9A394B}"
EndProject
Project("{FAE04EC0-301F-11D3-BF4B-00C04F79EFBC}") = "Inventory.Infra", "Inventory.Infra\Inventory.Infra.csproj", "{73422516-0CB9-4F45-A951-B30A442155C7}"
EndProject
Project("{FAE04EC0-301F-11D3-BF4B-00C04F79EFBC}") = "Identity.API", "Identity.API\Identity.API.csproj", "{7A3EACB0-FCF1-460E-B6BB-9406143327C1}"
EndProject
Project("{FAE04EC0-301F-11D3-BF4B-00C04F79EFBC}") = "Identity.Infra", "Identity.Infra\Identity.Infra.csproj", "{81126AFA-6F1B-4A88-AE89-3FD7100F0076}"
EndProject
Project("{FAE04EC0-301F-11D3-BF4B-00C04F79EFBC}") = "Customer.API", "Customer.API\Customer.API.csproj", "{1BE33B0A-5756-4132-AB93-1D9C10EFF66F}"
EndProject
Project("{FAE04EC0-301F-11D3-BF4B-00C04F79EFBC}") = "Customer.Infra", "Customer.Infra\Customer.Infra.csproj", "{8ADAA9F6-A473-4C46-8165-56D08CF980B8}"
EndProject
Project("{FAE04EC0-301F-11D3-BF4B-00C04F79EFBC}") = "LibrayManagement.Web", "LibrayManagement.Web\LibrayManagement.Web.csproj", "{B5804409-12A6-4E84-B5C2-BAF3863E77DF}"
EndProject
Project("{FAE04EC0-301F-11D3-BF4B-00C04F79EFBC}") = "Api.Gateway", "Api.Gateway\Api.Gateway.csproj", "{F7E50CD7-0F2D-4B9A-9983-C83D2CCD5384}"
EndProject
Global
	GlobalSection(SolutionConfigurationPlatforms) = preSolution
		Debug|Any CPU = Debug|Any CPU
		Release|Any CPU = Release|Any CPU
	EndGlobalSection
	GlobalSection(ProjectConfigurationPlatforms) = postSolution
		{146B6245-3749-40D7-8FCA-E21F6FB3EAF3}.Debug|Any CPU.ActiveCfg = Debug|Any CPU
		{146B6245-3749-40D7-8FCA-E21F6FB3EAF3}.Debug|Any CPU.Build.0 = Debug|Any CPU
		{146B6245-3749-40D7-8FCA-E21F6FB3EAF3}.Release|Any CPU.ActiveCfg = Release|Any CPU
		{146B6245-3749-40D7-8FCA-E21F6FB3EAF3}.Release|Any CPU.Build.0 = Release|Any CPU
		{CC71182D-F8E9-4AE8-B9B1-0F55277457D8}.Debug|Any CPU.ActiveCfg = Debug|Any CPU
		{CC71182D-F8E9-4AE8-B9B1-0F55277457D8}.Debug|Any CPU.Build.0 = Debug|Any CPU
		{CC71182D-F8E9-4AE8-B9B1-0F55277457D8}.Release|Any CPU.ActiveCfg = Release|Any CPU
		{CC71182D-F8E9-4AE8-B9B1-0F55277457D8}.Release|Any CPU.Build.0 = Release|Any CPU
		{BF0BE2B1-9B5D-47A3-8E99-8E51CD9A394B}.Debug|Any CPU.ActiveCfg = Debug|Any CPU
		{BF0BE2B1-9B5D-47A3-8E99-8E51CD9A394B}.Debug|Any CPU.Build.0 = Debug|Any CPU
		{BF0BE2B1-9B5D-47A3-8E99-8E51CD9A394B}.Release|Any CPU.ActiveCfg = Release|Any CPU
		{BF0BE2B1-9B5D-47A3-8E99-8E51CD9A394B}.Release|Any CPU.Build.0 = Release|Any CPU
		{73422516-0CB9-4F45-A951-B30A442155C7}.Debug|Any CPU.ActiveCfg = Debug|Any CPU
		{73422516-0CB9-4F45-A951-B30A442155C7}.Debug|Any CPU.Build.0 = Debug|Any CPU
		{73422516-0CB9-4F45-A951-B30A442155C7}.Release|Any CPU.ActiveCfg = Release|Any CPU
		{73422516-0CB9-4F45-A951-B30A442155C7}.Release|Any CPU.Build.0 = Release|Any CPU
		{7A3EACB0-FCF1-460E-B6BB-9406143327C1}.Debug|Any CPU.ActiveCfg = Debug|Any CPU
		{7A3EACB0-FCF1-460E-B6BB-9406143327C1}.Debug|Any CPU.Build.0 = Debug|Any CPU
		{7A3EACB0-FCF1-460E-B6BB-9406143327C1}.Release|Any CPU.ActiveCfg = Release|Any CPU
		{7A3EACB0-FCF1-460E-B6BB-9406143327C1}.Release|Any CPU.Build.0 = Release|Any CPU
		{81126AFA-6F1B-4A88-AE89-3FD7100F0076}.Debug|Any CPU.ActiveCfg = Debug|Any CPU
		{81126AFA-6F1B-4A88-AE89-3FD7100F0076}.Debug|Any CPU.Build.0 = Debug|Any CPU
		{81126AFA-6F1B-4A88-AE89-3FD7100F0076}.Release|Any CPU.ActiveCfg = Release|Any CPU
		{81126AFA-6F1B-4A88-AE89-3FD7100F0076}.Release|Any CPU.Build.0 = Release|Any CPU
		{1BE33B0A-5756-4132-AB93-1D9C10EFF66F}.Debug|Any CPU.ActiveCfg = Debug|Any CPU
		{1BE33B0A-5756-4132-AB93-1D9C10EFF66F}.Debug|Any CPU.Build.0 = Debug|Any CPU
		{1BE33B0A-5756-4132-AB93-1D9C10EFF66F}.Release|Any CPU.ActiveCfg = Release|Any CPU
		{1BE33B0A-5756-4132-AB93-1D9C10EFF66F}.Release|Any CPU.Build.0 = Release|Any CPU
		{8ADAA9F6-A473-4C46-8165-56D08CF980B8}.Debug|Any CPU.ActiveCfg = Debug|Any CPU
		{8ADAA9F6-A473-4C46-8165-56D08CF980B8}.Debug|Any CPU.Build.0 = Debug|Any CPU
		{8ADAA9F6-A473-4C46-8165-56D08CF980B8}.Release|Any CPU.ActiveCfg = Release|Any CPU
		{8ADAA9F6-A473-4C46-8165-56D08CF980B8}.Release|Any CPU.Build.0 = Release|Any CPU
		{B5804409-12A6-4E84-B5C2-BAF3863E77DF}.Debug|Any CPU.ActiveCfg = Debug|Any CPU
		{B5804409-12A6-4E84-B5C2-BAF3863E77DF}.Debug|Any CPU.Build.0 = Debug|Any CPU
		{B5804409-12A6-4E84-B5C2-BAF3863E77DF}.Release|Any CPU.ActiveCfg = Release|Any CPU
		{B5804409-12A6-4E84-B5C2-BAF3863E77DF}.Release|Any CPU.Build.0 = Release|Any CPU
		{F7E50CD7-0F2D-4B9A-9983-C83D2CCD5384}.Debug|Any CPU.ActiveCfg = Debug|Any CPU
		{F7E50CD7-0F2D-4B9A-9983-C83D2CCD5384}.Debug|Any CPU.Build.0 = Debug|Any CPU
		{F7E50CD7-0F2D-4B9A-9983-C83D2CCD5384}.Release|Any CPU.ActiveCfg = Release|Any CPU
		{F7E50CD7-0F2D-4B9A-9983-C83D2CCD5384}.Release|Any CPU.Build.0 = Release|Any CPU
	EndGlobalSection
	GlobalSection(SolutionProperties) = preSolution
		HideSolutionNode = FALSE
	EndGlobalSection
	GlobalSection(NestedProjects) = preSolution
		{9BDAF03F-FF45-4763-B590-08B49D9EF88B} = {F11A34B5-F6EB-4F29-BE9C-3BC31ED98C85}
		{62FF27DB-46BF-441F-8AB5-07FBF6A1B070} = {F11A34B5-F6EB-4F29-BE9C-3BC31ED98C85}
		{C605CE08-3994-4396-A60E-07FE0788225A} = {F11A34B5-F6EB-4F29-BE9C-3BC31ED98C85}
		{BECE1632-2D89-4CCE-ABFC-025465570FF8} = {F11A34B5-F6EB-4F29-BE9C-3BC31ED98C85}
		{146B6245-3749-40D7-8FCA-E21F6FB3EAF3} = {62FF27DB-46BF-441F-8AB5-07FBF6A1B070}
		{CC71182D-F8E9-4AE8-B9B1-0F55277457D8} = {62FF27DB-46BF-441F-8AB5-07FBF6A1B070}
		{BF0BE2B1-9B5D-47A3-8E99-8E51CD9A394B} = {9BDAF03F-FF45-4763-B590-08B49D9EF88B}
		{73422516-0CB9-4F45-A951-B30A442155C7} = {9BDAF03F-FF45-4763-B590-08B49D9EF88B}
		{7A3EACB0-FCF1-460E-B6BB-9406143327C1} = {C605CE08-3994-4396-A60E-07FE0788225A}
		{81126AFA-6F1B-4A88-AE89-3FD7100F0076} = {C605CE08-3994-4396-A60E-07FE0788225A}
		{1BE33B0A-5756-4132-AB93-1D9C10EFF66F} = {BECE1632-2D89-4CCE-ABFC-025465570FF8}
		{8ADAA9F6-A473-4C46-8165-56D08CF980B8} = {BECE1632-2D89-4CCE-ABFC-025465570FF8}
		{B5804409-12A6-4E84-B5C2-BAF3863E77DF} = {344E3674-A5BD-4844-A9A2-21F8DF5F9836}
		{F7E50CD7-0F2D-4B9A-9983-C83D2CCD5384} = {3CE0DC65-33CC-4841-90BD-90FCDFE1BE27}
	EndGlobalSection
	GlobalSection(ExtensibilityGlobals) = postSolution
		SolutionGuid = {B071B6F2-4BDF-403E-86BC-39A92493F39E}
	EndGlobalSection
EndGlobal
